
Microsoft Visual Studio Solution File, Format Version 12.00
# Visual Studio Version 17
VisualStudioVersion = 17.10.35027.167
MinimumVisualStudioVersion = 10.0.40219.1
Project("{9A19103F-16F7-4668-BE54-9A1E7A4F7556}") = "DAL", "DAL\DAL.csproj", "{9CD7A3FD-1CAF-4AA1-A249-1A6DA305F042}"
EndProject
Project("{9A19103F-16F7-4668-BE54-9A1E7A4F7556}") = "GloryUnitTest", "GloryUnitTest\GloryUnitTest.csproj", "{A21EB4F4-46FA-471C-AC25-7CF67FC04403}"
EndProject
Project("{9A19103F-16F7-4668-BE54-9A1E7A4F7556}") = "DTO", "DTO\DTO.csproj", "{1489F246-59C5-435C-9AA3-02EA6CB108A9}"
EndProject
Project("{9A19103F-16F7-4668-BE54-9A1E7A4F7556}") = "BLL", "BLL\BLL.csproj", "{3954196E-F74D-4424-AFA6-3BAD2BBA102A}"
EndProject
Project("{9A19103F-16F7-4668-BE54-9A1E7A4F7556}") = "WpfGUI", "WpfGUI\WpfGUI.csproj", "{116A7D2B-676B-4D92-8355-E970D96BAC81}"
EndProject
Global
	GlobalSection(SolutionConfigurationPlatforms) = preSolution
		Debug|Any CPU = Debug|Any CPU
		Release|Any CPU = Release|Any CPU
	EndGlobalSection
	GlobalSection(ProjectConfigurationPlatforms) = postSolution
		{9CD7A3FD-1CAF-4AA1-A249-1A6DA305F042}.Debug|Any CPU.ActiveCfg = Debug|Any CPU
		{9CD7A3FD-1CAF-4AA1-A249-1A6DA305F042}.Debug|Any CPU.Build.0 = Debug|Any CPU
		{9CD7A3FD-1CAF-4AA1-A249-1A6DA305F042}.Release|Any CPU.ActiveCfg = Release|Any CPU
		{9CD7A3FD-1CAF-4AA1-A249-1A6DA305F042}.Release|Any CPU.Build.0 = Release|Any CPU
		{A21EB4F4-46FA-471C-AC25-7CF67FC04403}.Debug|Any CPU.ActiveCfg = Debug|Any CPU
		{A21EB4F4-46FA-471C-AC25-7CF67FC04403}.Debug|Any CPU.Build.0 = Debug|Any CPU
		{A21EB4F4-46FA-471C-AC25-7CF67FC04403}.Release|Any CPU.ActiveCfg = Release|Any CPU
		{A21EB4F4-46FA-471C-AC25-7CF67FC04403}.Release|Any CPU.Build.0 = Release|Any CPU
		{1489F246-59C5-435C-9AA3-02EA6CB108A9}.Debug|Any CPU.ActiveCfg = Debug|Any CPU
		{1489F246-59C5-435C-9AA3-02EA6CB108A9}.Debug|Any CPU.Build.0 = Debug|Any CPU
		{1489F246-59C5-435C-9AA3-02EA6CB108A9}.Release|Any CPU.ActiveCfg = Release|Any CPU
		{1489F246-59C5-435C-9AA3-02EA6CB108A9}.Release|Any CPU.Build.0 = Release|Any CPU
		{3954196E-F74D-4424-AFA6-3BAD2BBA102A}.Debug|Any CPU.ActiveCfg = Debug|Any CPU
		{3954196E-F74D-4424-AFA6-3BAD2BBA102A}.Debug|Any CPU.Build.0 = Debug|Any CPU
		{3954196E-F74D-4424-AFA6-3BAD2BBA102A}.Release|Any CPU.ActiveCfg = Release|Any CPU
		{3954196E-F74D-4424-AFA6-3BAD2BBA102A}.Release|Any CPU.Build.0 = Release|Any CPU
		{116A7D2B-676B-4D92-8355-E970D96BAC81}.Debug|Any CPU.ActiveCfg = Debug|Any CPU
		{116A7D2B-676B-4D92-8355-E970D96BAC81}.Debug|Any CPU.Build.0 = Debug|Any CPU
		{116A7D2B-676B-4D92-8355-E970D96BAC81}.Release|Any CPU.ActiveCfg = Release|Any CPU
		{116A7D2B-676B-4D92-8355-E970D96BAC81}.Release|Any CPU.Build.0 = Release|Any CPU
	EndGlobalSection
	GlobalSection(SolutionProperties) = preSolution
		HideSolutionNode = FALSE
	EndGlobalSection
	GlobalSection(ExtensibilityGlobals) = postSolution
		SolutionGuid = {19964565-DB1F-4210-A0BE-BE02F4E642C5}
	EndGlobalSection
EndGlobal
